
Microsoft Visual Studio Solution File, Format Version 12.00
# Visual Studio 2017
Project("{FAE04EC0-301F-11D3-BF4B-00C04F79EFBC}") = "PositionalFileReader.Console", "PositionalFileReader.Console.csproj", "{750EDDB7-02C2-4962-A567-B11706B06D11}"
EndProject
Global
	GlobalSection(SolutionConfigurationPlatforms) = preSolution
		Debug|Any CPU = Debug|Any CPU
		Release|Any CPU = Release|Any CPU
	EndGlobalSection
	GlobalSection(ProjectConfigurationPlatforms) = postSolution
		{750EDDB7-02C2-4962-A567-B11706B06D11}.Debug|Any CPU.ActiveCfg = Debug|Any CPU
		{750EDDB7-02C2-4962-A567-B11706B06D11}.Debug|Any CPU.Build.0 = Debug|Any CPU
		{750EDDB7-02C2-4962-A567-B11706B06D11}.Release|Any CPU.ActiveCfg = Release|Any CPU
		{750EDDB7-02C2-4962-A567-B11706B06D11}.Release|Any CPU.Build.0 = Release|Any CPU
	EndGlobalSection
EndGlobal
